// !$*UTF8*$!
{
	archiveVersion = 1;
	classes = {
	};
	objectVersion = 55;
	objects = {

/* Begin PBXBuildFile section */
		2F0732CC2B4E281B000BAF36 /* SwapperStats.swift in Sources */ = {isa = PBXBuildFile; fileRef = 2F0732CB2B4E281B000BAF36 /* SwapperStats.swift */; };
		2F0732CF2B4E28BD000BAF36 /* SwapperStatsList.swift in Sources */ = {isa = PBXBuildFile; fileRef = 2F0732CE2B4E28BD000BAF36 /* SwapperStatsList.swift */; };
		2F0F5D1227C37E4F00FB29FC /* NothingFoundCell.xib in Resources */ = {isa = PBXBuildFile; fileRef = 2F0F5D1127C37E4F00FB29FC /* NothingFoundCell.xib */; };
		2F0F5D1427C37EC100FB29FC /* SkylanderCell.xib in Resources */ = {isa = PBXBuildFile; fileRef = 2F0F5D1327C37EC100FB29FC /* SkylanderCell.xib */; };
		2F0F5D1627C383C100FB29FC /* GameCell.xib in Resources */ = {isa = PBXBuildFile; fileRef = 2F0F5D1527C383C100FB29FC /* GameCell.xib */; };
		2F0F5D1827C38DE100FB29FC /* SkylandersDetailViewController.swift in Sources */ = {isa = PBXBuildFile; fileRef = 2F0F5D1727C38DE100FB29FC /* SkylandersDetailViewController.swift */; };
		2F0F5D1A27C3950200FB29FC /* SearchViewController.swift in Sources */ = {isa = PBXBuildFile; fileRef = 2F0F5D1927C3950200FB29FC /* SearchViewController.swift */; };
		2F0F5D1C27C3955200FB29FC /* SkylandersListViewController.swift in Sources */ = {isa = PBXBuildFile; fileRef = 2F0F5D1B27C3955200FB29FC /* SkylandersListViewController.swift */; };
		2F0F5D1E27C3A20100FB29FC /* SkylandersMenuViewController.swift in Sources */ = {isa = PBXBuildFile; fileRef = 2F0F5D1D27C3A20100FB29FC /* SkylandersMenuViewController.swift */; };
		2F0F5D2027C3A6EA00FB29FC /* SkylanderCell.swift in Sources */ = {isa = PBXBuildFile; fileRef = 2F0F5D1F27C3A6EA00FB29FC /* SkylanderCell.swift */; };
		2F0F5D2227C3A76B00FB29FC /* GameCell.swift in Sources */ = {isa = PBXBuildFile; fileRef = 2F0F5D2127C3A76B00FB29FC /* GameCell.swift */; };
		2F0F5D2A27C3FC4C00FB29FC /* SkylandersList.xcdatamodeld in Sources */ = {isa = PBXBuildFile; fileRef = 2F0F5D2827C3FC4C00FB29FC /* SkylandersList.xcdatamodeld */; };
		2F0F5D3D27C4044600FB29FC /* DataBuilder.swift in Sources */ = {isa = PBXBuildFile; fileRef = 2F0F5D3C27C4044600FB29FC /* DataBuilder.swift */; };
		2F10582727CB8CA300CF67CF /* SkylandersObjectList.swift in Sources */ = {isa = PBXBuildFile; fileRef = 2F10582627CB8CA300CF67CF /* SkylandersObjectList.swift */; };
		2F10582927CB8FF500CF67CF /* SkylandersStatsList.swift in Sources */ = {isa = PBXBuildFile; fileRef = 2F10582827CB8FF500CF67CF /* SkylandersStatsList.swift */; };
		2F2A5FCD27CB88B000B046CB /* SkylanderObject.swift in Sources */ = {isa = PBXBuildFile; fileRef = 2F2A5FCC27CB88B000B046CB /* SkylanderObject.swift */; };
		2F2A5FCF27CB88EE00B046CB /* SkylandersStats.swift in Sources */ = {isa = PBXBuildFile; fileRef = 2F2A5FCE27CB88EE00B046CB /* SkylandersStats.swift */; };
		2F33D9C628BD55D00046B41F /* TrapsDetailViewController.swift in Sources */ = {isa = PBXBuildFile; fileRef = 2F33D9C528BD55D00046B41F /* TrapsDetailViewController.swift */; };
		2F39382727C8C4AB005C5D18 /* SkylanderSelectCell.xib in Resources */ = {isa = PBXBuildFile; fileRef = 2F39382627C8C4AB005C5D18 /* SkylanderSelectCell.xib */; };
		2F39382927C8C5D5005C5D18 /* SkylanderSelectCell.swift in Sources */ = {isa = PBXBuildFile; fileRef = 2F39382827C8C5D5005C5D18 /* SkylanderSelectCell.swift */; };
		2F6280DA28A04BC100319D03 /* Skylanders Stats.json in Resources */ = {isa = PBXBuildFile; fileRef = 2F6280D928A04BC100319D03 /* Skylanders Stats.json */; };
		2F8A1F192B4C7A1C0084FB0B /* Skylanders Data.json in Resources */ = {isa = PBXBuildFile; fileRef = 2F8A1F182B4C7A1C0084FB0B /* Skylanders Data.json */; };
		2F93F39528BECD0B00444CAC /* HelperFunctions.swift in Sources */ = {isa = PBXBuildFile; fileRef = 2F93F39428BECD0B00444CAC /* HelperFunctions.swift */; };
		2FB7C86C2B4F96A50032C2DC /* SenseisDetailViewController.swift in Sources */ = {isa = PBXBuildFile; fileRef = 2FB7C86B2B4F96A50032C2DC /* SenseisDetailViewController.swift */; };
		2FB7C86E2B4FA7200032C2DC /* Senseis Stats.json in Resources */ = {isa = PBXBuildFile; fileRef = 2FB7C86D2B4FA7200032C2DC /* Senseis Stats.json */; };
		2FB7C8702B4FA7F90032C2DC /* SenseiStatsList.swift in Sources */ = {isa = PBXBuildFile; fileRef = 2FB7C86F2B4FA7F90032C2DC /* SenseiStatsList.swift */; };
		2FB7C8722B4FA8310032C2DC /* SenseiStats.swift in Sources */ = {isa = PBXBuildFile; fileRef = 2FB7C8712B4FA8310032C2DC /* SenseiStats.swift */; };
		2FB7C8742B50A9E40032C2DC /* Villians Details.json in Resources */ = {isa = PBXBuildFile; fileRef = 2FB7C8732B50A9E40032C2DC /* Villians Details.json */; };
		2FB7C8762B50AA080032C2DC /* VillianDetailsList.swift in Sources */ = {isa = PBXBuildFile; fileRef = 2FB7C8752B50AA080032C2DC /* VillianDetailsList.swift */; };
		2FB7C8782B50AA910032C2DC /* VillianDetails.swift in Sources */ = {isa = PBXBuildFile; fileRef = 2FB7C8772B50AA910032C2DC /* VillianDetails.swift */; };
		2FD970B227C3620300283528 /* AppDelegate.swift in Sources */ = {isa = PBXBuildFile; fileRef = 2FD970B127C3620300283528 /* AppDelegate.swift */; };
		2FD970B427C3620300283528 /* SceneDelegate.swift in Sources */ = {isa = PBXBuildFile; fileRef = 2FD970B327C3620300283528 /* SceneDelegate.swift */; };
		2FD970B927C3620300283528 /* Main.storyboard in Resources */ = {isa = PBXBuildFile; fileRef = 2FD970B727C3620300283528 /* Main.storyboard */; };
		2FD970BB27C3620400283528 /* Assets.xcassets in Resources */ = {isa = PBXBuildFile; fileRef = 2FD970BA27C3620400283528 /* Assets.xcassets */; };
		2FD970BE27C3620400283528 /* LaunchScreen.storyboard in Resources */ = {isa = PBXBuildFile; fileRef = 2FD970BC27C3620400283528 /* LaunchScreen.storyboard */; };
		2FDCC6052B50F7550034667A /* VillainCell.swift in Sources */ = {isa = PBXBuildFile; fileRef = 2FDCC6032B50F7540034667A /* VillainCell.swift */; };
		2FDCC6062B50F7550034667A /* VillainCell.xib in Resources */ = {isa = PBXBuildFile; fileRef = 2FDCC6042B50F7550034667A /* VillainCell.xib */; };
		2FDCC6082B51DC9D0034667A /* VillainsDetailView.swift in Sources */ = {isa = PBXBuildFile; fileRef = 2FDCC6072B51DC9D0034667A /* VillainsDetailView.swift */; };
		2FDCC60B2B51E0980034667A /* TrapCell.swift in Sources */ = {isa = PBXBuildFile; fileRef = 2FDCC6092B51E0980034667A /* TrapCell.swift */; };
		2FDCC60C2B51E0980034667A /* TrapCell.xib in Resources */ = {isa = PBXBuildFile; fileRef = 2FDCC60A2B51E0980034667A /* TrapCell.xib */; };
		2FF6982A2B4E2CDC00A298F0 /* Swappers Stats.json in Resources */ = {isa = PBXBuildFile; fileRef = 2FF698282B4E2CDC00A298F0 /* Swappers Stats.json */; };
		2FF6982B2B4E2CDC00A298F0 /* SuperChargers Stats.json in Resources */ = {isa = PBXBuildFile; fileRef = 2FF698292B4E2CDC00A298F0 /* SuperChargers Stats.json */; };
		2FF698382B4E328E00A298F0 /* SwappersDetailViewController.swift in Sources */ = {isa = PBXBuildFile; fileRef = 2FF698372B4E328E00A298F0 /* SwappersDetailViewController.swift */; };
		2FF6983A2B4E449800A298F0 /* SuperChargersStatsList.swift in Sources */ = {isa = PBXBuildFile; fileRef = 2FF698392B4E449800A298F0 /* SuperChargersStatsList.swift */; };
		2FF6983C2B4E44C200A298F0 /* SuperChargersStats.swift in Sources */ = {isa = PBXBuildFile; fileRef = 2FF6983B2B4E44C200A298F0 /* SuperChargersStats.swift */; };
		2FF6983E2B4E4D5600A298F0 /* SuperChargersDetailViewController.swift in Sources */ = {isa = PBXBuildFile; fileRef = 2FF6983D2B4E4D5600A298F0 /* SuperChargersDetailViewController.swift */; };
		2FFEEDE328C960300004FE1B /* TrapsDetails.swift in Sources */ = {isa = PBXBuildFile; fileRef = 2FFEEDE228C960300004FE1B /* TrapsDetails.swift */; };
		2FFEEDE528C960AD0004FE1B /* TrapsDetailsList.swift in Sources */ = {isa = PBXBuildFile; fileRef = 2FFEEDE428C960AD0004FE1B /* TrapsDetailsList.swift */; };
		2FFEEDEF28C969720004FE1B /* Traps Details.json in Resources */ = {isa = PBXBuildFile; fileRef = 2FFEEDEE28C969720004FE1B /* Traps Details.json */; };
/* End PBXBuildFile section */

/* Begin PBXFileReference section */
		2F0732CB2B4E281B000BAF36 /* SwapperStats.swift */ = {isa = PBXFileReference; lastKnownFileType = sourcecode.swift; path = SwapperStats.swift; sourceTree = "<group>"; };
		2F0732CE2B4E28BD000BAF36 /* SwapperStatsList.swift */ = {isa = PBXFileReference; lastKnownFileType = sourcecode.swift; path = SwapperStatsList.swift; sourceTree = "<group>"; };
		2F0F5D1127C37E4F00FB29FC /* NothingFoundCell.xib */ = {isa = PBXFileReference; lastKnownFileType = file.xib; path = NothingFoundCell.xib; sourceTree = "<group>"; };
		2F0F5D1327C37EC100FB29FC /* SkylanderCell.xib */ = {isa = PBXFileReference; lastKnownFileType = file.xib; path = SkylanderCell.xib; sourceTree = "<group>"; };
		2F0F5D1527C383C100FB29FC /* GameCell.xib */ = {isa = PBXFileReference; lastKnownFileType = file.xib; path = GameCell.xib; sourceTree = "<group>"; };
		2F0F5D1727C38DE100FB29FC /* SkylandersDetailViewController.swift */ = {isa = PBXFileReference; lastKnownFileType = sourcecode.swift; path = SkylandersDetailViewController.swift; sourceTree = "<group>"; };
		2F0F5D1927C3950200FB29FC /* SearchViewController.swift */ = {isa = PBXFileReference; lastKnownFileType = sourcecode.swift; path = SearchViewController.swift; sourceTree = "<group>"; };
		2F0F5D1B27C3955200FB29FC /* SkylandersListViewController.swift */ = {isa = PBXFileReference; lastKnownFileType = sourcecode.swift; path = SkylandersListViewController.swift; sourceTree = "<group>"; };
		2F0F5D1D27C3A20100FB29FC /* SkylandersMenuViewController.swift */ = {isa = PBXFileReference; lastKnownFileType = sourcecode.swift; path = SkylandersMenuViewController.swift; sourceTree = "<group>"; };
		2F0F5D1F27C3A6EA00FB29FC /* SkylanderCell.swift */ = {isa = PBXFileReference; lastKnownFileType = sourcecode.swift; path = SkylanderCell.swift; sourceTree = "<group>"; };
		2F0F5D2127C3A76B00FB29FC /* GameCell.swift */ = {isa = PBXFileReference; lastKnownFileType = sourcecode.swift; path = GameCell.swift; sourceTree = "<group>"; };
		2F0F5D2927C3FC4C00FB29FC /* SkylandersList.xcdatamodel */ = {isa = PBXFileReference; lastKnownFileType = wrapper.xcdatamodel; path = SkylandersList.xcdatamodel; sourceTree = "<group>"; };
		2F0F5D3C27C4044600FB29FC /* DataBuilder.swift */ = {isa = PBXFileReference; lastKnownFileType = sourcecode.swift; path = DataBuilder.swift; sourceTree = "<group>"; };
		2F10582627CB8CA300CF67CF /* SkylandersObjectList.swift */ = {isa = PBXFileReference; lastKnownFileType = sourcecode.swift; path = SkylandersObjectList.swift; sourceTree = "<group>"; };
		2F10582827CB8FF500CF67CF /* SkylandersStatsList.swift */ = {isa = PBXFileReference; lastKnownFileType = sourcecode.swift; path = SkylandersStatsList.swift; sourceTree = "<group>"; };
		2F2A5FCC27CB88B000B046CB /* SkylanderObject.swift */ = {isa = PBXFileReference; lastKnownFileType = sourcecode.swift; path = SkylanderObject.swift; sourceTree = "<group>"; };
		2F2A5FCE27CB88EE00B046CB /* SkylandersStats.swift */ = {isa = PBXFileReference; lastKnownFileType = sourcecode.swift; path = SkylandersStats.swift; sourceTree = "<group>"; };
		2F33D9C528BD55D00046B41F /* TrapsDetailViewController.swift */ = {isa = PBXFileReference; lastKnownFileType = sourcecode.swift; path = TrapsDetailViewController.swift; sourceTree = "<group>"; };
		2F39382627C8C4AB005C5D18 /* SkylanderSelectCell.xib */ = {isa = PBXFileReference; lastKnownFileType = file.xib; path = SkylanderSelectCell.xib; sourceTree = "<group>"; };
		2F39382827C8C5D5005C5D18 /* SkylanderSelectCell.swift */ = {isa = PBXFileReference; lastKnownFileType = sourcecode.swift; path = SkylanderSelectCell.swift; sourceTree = "<group>"; };
		2F6280D928A04BC100319D03 /* Skylanders Stats.json */ = {isa = PBXFileReference; fileEncoding = 4; lastKnownFileType = text.json; path = "Skylanders Stats.json"; sourceTree = "<group>"; };
		2F8A1F182B4C7A1C0084FB0B /* Skylanders Data.json */ = {isa = PBXFileReference; fileEncoding = 4; lastKnownFileType = text.json; path = "Skylanders Data.json"; sourceTree = "<group>"; };
		2F93F39428BECD0B00444CAC /* HelperFunctions.swift */ = {isa = PBXFileReference; lastKnownFileType = sourcecode.swift; name = HelperFunctions.swift; path = "Cell Files/HelperFunctions.swift"; sourceTree = "<group>"; };
		2FB7C86B2B4F96A50032C2DC /* SenseisDetailViewController.swift */ = {isa = PBXFileReference; lastKnownFileType = sourcecode.swift; path = SenseisDetailViewController.swift; sourceTree = "<group>"; };
		2FB7C86D2B4FA7200032C2DC /* Senseis Stats.json */ = {isa = PBXFileReference; fileEncoding = 4; lastKnownFileType = text.json; path = "Senseis Stats.json"; sourceTree = "<group>"; };
		2FB7C86F2B4FA7F90032C2DC /* SenseiStatsList.swift */ = {isa = PBXFileReference; lastKnownFileType = sourcecode.swift; path = SenseiStatsList.swift; sourceTree = "<group>"; };
		2FB7C8712B4FA8310032C2DC /* SenseiStats.swift */ = {isa = PBXFileReference; lastKnownFileType = sourcecode.swift; path = SenseiStats.swift; sourceTree = "<group>"; };
		2FB7C8732B50A9E40032C2DC /* Villians Details.json */ = {isa = PBXFileReference; fileEncoding = 4; lastKnownFileType = text.json; path = "Villians Details.json"; sourceTree = "<group>"; };
		2FB7C8752B50AA080032C2DC /* VillianDetailsList.swift */ = {isa = PBXFileReference; lastKnownFileType = sourcecode.swift; path = VillianDetailsList.swift; sourceTree = "<group>"; };
		2FB7C8772B50AA910032C2DC /* VillianDetails.swift */ = {isa = PBXFileReference; lastKnownFileType = sourcecode.swift; path = VillianDetails.swift; sourceTree = "<group>"; };
		2FD970AE27C3620300283528 /* Skylanders Tracker.app */ = {isa = PBXFileReference; explicitFileType = wrapper.application; includeInIndex = 0; path = "Skylanders Tracker.app"; sourceTree = BUILT_PRODUCTS_DIR; };
		2FD970B127C3620300283528 /* AppDelegate.swift */ = {isa = PBXFileReference; lastKnownFileType = sourcecode.swift; path = AppDelegate.swift; sourceTree = "<group>"; };
		2FD970B327C3620300283528 /* SceneDelegate.swift */ = {isa = PBXFileReference; lastKnownFileType = sourcecode.swift; path = SceneDelegate.swift; sourceTree = "<group>"; };
		2FD970B827C3620300283528 /* Base */ = {isa = PBXFileReference; lastKnownFileType = file.storyboard; name = Base; path = Base.lproj/Main.storyboard; sourceTree = "<group>"; };
		2FD970BA27C3620400283528 /* Assets.xcassets */ = {isa = PBXFileReference; lastKnownFileType = folder.assetcatalog; path = Assets.xcassets; sourceTree = "<group>"; };
		2FD970BD27C3620400283528 /* Base */ = {isa = PBXFileReference; lastKnownFileType = file.storyboard; name = Base; path = Base.lproj/LaunchScreen.storyboard; sourceTree = "<group>"; };
		2FD970BF27C3620400283528 /* Info.plist */ = {isa = PBXFileReference; lastKnownFileType = text.plist.xml; path = Info.plist; sourceTree = "<group>"; };
		2FDCC6032B50F7540034667A /* VillainCell.swift */ = {isa = PBXFileReference; fileEncoding = 4; lastKnownFileType = sourcecode.swift; path = VillainCell.swift; sourceTree = "<group>"; };
		2FDCC6042B50F7550034667A /* VillainCell.xib */ = {isa = PBXFileReference; fileEncoding = 4; lastKnownFileType = file.xib; path = VillainCell.xib; sourceTree = "<group>"; };
		2FDCC6072B51DC9D0034667A /* VillainsDetailView.swift */ = {isa = PBXFileReference; lastKnownFileType = sourcecode.swift; path = VillainsDetailView.swift; sourceTree = "<group>"; };
		2FDCC6092B51E0980034667A /* TrapCell.swift */ = {isa = PBXFileReference; lastKnownFileType = sourcecode.swift; path = TrapCell.swift; sourceTree = "<group>"; };
		2FDCC60A2B51E0980034667A /* TrapCell.xib */ = {isa = PBXFileReference; lastKnownFileType = file.xib; path = TrapCell.xib; sourceTree = "<group>"; };
		2FF698282B4E2CDC00A298F0 /* Swappers Stats.json */ = {isa = PBXFileReference; fileEncoding = 4; lastKnownFileType = text.json; path = "Swappers Stats.json"; sourceTree = "<group>"; };
		2FF698292B4E2CDC00A298F0 /* SuperChargers Stats.json */ = {isa = PBXFileReference; fileEncoding = 4; lastKnownFileType = text.json; path = "SuperChargers Stats.json"; sourceTree = "<group>"; };
		2FF698372B4E328E00A298F0 /* SwappersDetailViewController.swift */ = {isa = PBXFileReference; lastKnownFileType = sourcecode.swift; path = SwappersDetailViewController.swift; sourceTree = "<group>"; };
		2FF698392B4E449800A298F0 /* SuperChargersStatsList.swift */ = {isa = PBXFileReference; lastKnownFileType = sourcecode.swift; path = SuperChargersStatsList.swift; sourceTree = "<group>"; };
		2FF6983B2B4E44C200A298F0 /* SuperChargersStats.swift */ = {isa = PBXFileReference; lastKnownFileType = sourcecode.swift; path = SuperChargersStats.swift; sourceTree = "<group>"; };
		2FF6983D2B4E4D5600A298F0 /* SuperChargersDetailViewController.swift */ = {isa = PBXFileReference; lastKnownFileType = sourcecode.swift; path = SuperChargersDetailViewController.swift; sourceTree = "<group>"; };
		2FFEEDE228C960300004FE1B /* TrapsDetails.swift */ = {isa = PBXFileReference; lastKnownFileType = sourcecode.swift; path = TrapsDetails.swift; sourceTree = "<group>"; };
		2FFEEDE428C960AD0004FE1B /* TrapsDetailsList.swift */ = {isa = PBXFileReference; lastKnownFileType = sourcecode.swift; path = TrapsDetailsList.swift; sourceTree = "<group>"; };
		2FFEEDEE28C969720004FE1B /* Traps Details.json */ = {isa = PBXFileReference; fileEncoding = 4; lastKnownFileType = text.json; path = "Traps Details.json"; sourceTree = "<group>"; };
/* End PBXFileReference section */

/* Begin PBXFrameworksBuildPhase section */
		2FD970AB27C3620300283528 /* Frameworks */ = {
			isa = PBXFrameworksBuildPhase;
			buildActionMask = 2147483647;
			files = (
			);
			runOnlyForDeploymentPostprocessing = 0;
		};
/* End PBXFrameworksBuildPhase section */

/* Begin PBXGroup section */
		2F0F5D3327C3FFC500FB29FC /* Data */ = {
			isa = PBXGroup;
			children = (
				2F0F5D2827C3FC4C00FB29FC /* SkylandersList.xcdatamodeld */,
				2F0F5D3C27C4044600FB29FC /* DataBuilder.swift */,
				2F10582627CB8CA300CF67CF /* SkylandersObjectList.swift */,
				2F2A5FCC27CB88B000B046CB /* SkylanderObject.swift */,
				2F10582827CB8FF500CF67CF /* SkylandersStatsList.swift */,
				2F2A5FCE27CB88EE00B046CB /* SkylandersStats.swift */,
				2F0732CE2B4E28BD000BAF36 /* SwapperStatsList.swift */,
				2F0732CB2B4E281B000BAF36 /* SwapperStats.swift */,
				2FFEEDE428C960AD0004FE1B /* TrapsDetailsList.swift */,
				2FFEEDE228C960300004FE1B /* TrapsDetails.swift */,
				2FF698392B4E449800A298F0 /* SuperChargersStatsList.swift */,
				2FF6983B2B4E44C200A298F0 /* SuperChargersStats.swift */,
				2FB7C86F2B4FA7F90032C2DC /* SenseiStatsList.swift */,
				2FB7C8712B4FA8310032C2DC /* SenseiStats.swift */,
				2FB7C8752B50AA080032C2DC /* VillianDetailsList.swift */,
				2FB7C8772B50AA910032C2DC /* VillianDetails.swift */,
				2F8A1F182B4C7A1C0084FB0B /* Skylanders Data.json */,
				2F6280D928A04BC100319D03 /* Skylanders Stats.json */,
				2FF698282B4E2CDC00A298F0 /* Swappers Stats.json */,
				2FFEEDEE28C969720004FE1B /* Traps Details.json */,
				2FF698292B4E2CDC00A298F0 /* SuperChargers Stats.json */,
				2FB7C86D2B4FA7200032C2DC /* Senseis Stats.json */,
				2FB7C8732B50A9E40032C2DC /* Villians Details.json */,
			);
			path = Data;
			sourceTree = "<group>";
		};
		2F0F5D7127C6A45600FB29FC /* Cell Files */ = {
			isa = PBXGroup;
			children = (
				2F39382827C8C5D5005C5D18 /* SkylanderSelectCell.swift */,
				2F39382627C8C4AB005C5D18 /* SkylanderSelectCell.xib */,
				2F0F5D1F27C3A6EA00FB29FC /* SkylanderCell.swift */,
				2F0F5D1327C37EC100FB29FC /* SkylanderCell.xib */,
				2FDCC6032B50F7540034667A /* VillainCell.swift */,
				2FDCC6042B50F7550034667A /* VillainCell.xib */,
				2FDCC6092B51E0980034667A /* TrapCell.swift */,
				2FDCC60A2B51E0980034667A /* TrapCell.xib */,
				2F0F5D2127C3A76B00FB29FC /* GameCell.swift */,
				2F0F5D1527C383C100FB29FC /* GameCell.xib */,
				2F0F5D1127C37E4F00FB29FC /* NothingFoundCell.xib */,
			);
			path = "Cell Files";
			sourceTree = "<group>";
		};
		2F0F5D7227C6A47B00FB29FC /* View Controllers */ = {
			isa = PBXGroup;
			children = (
				2F0F5D1D27C3A20100FB29FC /* SkylandersMenuViewController.swift */,
				2F0F5D1B27C3955200FB29FC /* SkylandersListViewController.swift */,
				2F0F5D1927C3950200FB29FC /* SearchViewController.swift */,
				2F0F5D1727C38DE100FB29FC /* SkylandersDetailViewController.swift */,
				2FF698372B4E328E00A298F0 /* SwappersDetailViewController.swift */,
				2F33D9C528BD55D00046B41F /* TrapsDetailViewController.swift */,
				2FF6983D2B4E4D5600A298F0 /* SuperChargersDetailViewController.swift */,
				2FB7C86B2B4F96A50032C2DC /* SenseisDetailViewController.swift */,
				2FDCC6072B51DC9D0034667A /* VillainsDetailView.swift */,
			);
			path = "View Controllers";
			sourceTree = "<group>";
		};
		2FD970A527C3620300283528 = {
			isa = PBXGroup;
			children = (
				2FD970B027C3620300283528 /* Skylanders Tracker */,
				2FD970AF27C3620300283528 /* Products */,
			);
			sourceTree = "<group>";
		};
		2FD970AF27C3620300283528 /* Products */ = {
			isa = PBXGroup;
			children = (
				2FD970AE27C3620300283528 /* Skylanders Tracker.app */,
			);
			name = Products;
			sourceTree = "<group>";
		};
		2FD970B027C3620300283528 /* Skylanders Tracker */ = {
			isa = PBXGroup;
			children = (
				2F93F39428BECD0B00444CAC /* HelperFunctions.swift */,
				2FD970B127C3620300283528 /* AppDelegate.swift */,
				2FD970B327C3620300283528 /* SceneDelegate.swift */,
				2F0F5D7227C6A47B00FB29FC /* View Controllers */,
				2FD970B727C3620300283528 /* Main.storyboard */,
				2FD970BC27C3620400283528 /* LaunchScreen.storyboard */,
				2FD970BA27C3620400283528 /* Assets.xcassets */,
				2F0F5D7127C6A45600FB29FC /* Cell Files */,
				2F0F5D3327C3FFC500FB29FC /* Data */,
				2FD970BF27C3620400283528 /* Info.plist */,
			);
			path = "Skylanders Tracker";
			sourceTree = "<group>";
		};
/* End PBXGroup section */

/* Begin PBXNativeTarget section */
		2FD970AD27C3620300283528 /* Skylanders Tracker */ = {
			isa = PBXNativeTarget;
			buildConfigurationList = 2FD970C227C3620400283528 /* Build configuration list for PBXNativeTarget "Skylanders Tracker" */;
			buildPhases = (
				2FD970AA27C3620300283528 /* Sources */,
				2FD970AB27C3620300283528 /* Frameworks */,
				2FD970AC27C3620300283528 /* Resources */,
			);
			buildRules = (
			);
			dependencies = (
			);
			name = "Skylanders Tracker";
			productName = "Skylanders Tracker";
			productReference = 2FD970AE27C3620300283528 /* Skylanders Tracker.app */;
			productType = "com.apple.product-type.application";
		};
/* End PBXNativeTarget section */

/* Begin PBXProject section */
		2FD970A627C3620300283528 /* Project object */ = {
			isa = PBXProject;
			attributes = {
				BuildIndependentTargetsInParallel = 1;
				LastSwiftUpdateCheck = 1320;
				LastUpgradeCheck = 1510;
				TargetAttributes = {
					2FD970AD27C3620300283528 = {
						CreatedOnToolsVersion = 13.2.1;
					};
				};
			};
			buildConfigurationList = 2FD970A927C3620300283528 /* Build configuration list for PBXProject "Skylanders Tracker" */;
			compatibilityVersion = "Xcode 13.0";
			developmentRegion = en;
			hasScannedForEncodings = 0;
			knownRegions = (
				en,
				Base,
			);
			mainGroup = 2FD970A527C3620300283528;
			productRefGroup = 2FD970AF27C3620300283528 /* Products */;
			projectDirPath = "";
			projectRoot = "";
			targets = (
				2FD970AD27C3620300283528 /* Skylanders Tracker */,
			);
		};
/* End PBXProject section */

/* Begin PBXResourcesBuildPhase section */
		2FD970AC27C3620300283528 /* Resources */ = {
			isa = PBXResourcesBuildPhase;
			buildActionMask = 2147483647;
			files = (
				2F39382727C8C4AB005C5D18 /* SkylanderSelectCell.xib in Resources */,
				2FF6982B2B4E2CDC00A298F0 /* SuperChargers Stats.json in Resources */,
				2F0F5D1227C37E4F00FB29FC /* NothingFoundCell.xib in Resources */,
				2FDCC6062B50F7550034667A /* VillainCell.xib in Resources */,
				2FDCC60C2B51E0980034667A /* TrapCell.xib in Resources */,
				2FD970BE27C3620400283528 /* LaunchScreen.storyboard in Resources */,
				2FFEEDEF28C969720004FE1B /* Traps Details.json in Resources */,
				2FD970BB27C3620400283528 /* Assets.xcassets in Resources */,
				2FD970B927C3620300283528 /* Main.storyboard in Resources */,
				2F0F5D1427C37EC100FB29FC /* SkylanderCell.xib in Resources */,
				2F0F5D1627C383C100FB29FC /* GameCell.xib in Resources */,
				2FB7C86E2B4FA7200032C2DC /* Senseis Stats.json in Resources */,
				2F8A1F192B4C7A1C0084FB0B /* Skylanders Data.json in Resources */,
				2FB7C8742B50A9E40032C2DC /* Villians Details.json in Resources */,
				2F6280DA28A04BC100319D03 /* Skylanders Stats.json in Resources */,
				2FF6982A2B4E2CDC00A298F0 /* Swappers Stats.json in Resources */,
			);
			runOnlyForDeploymentPostprocessing = 0;
		};
/* End PBXResourcesBuildPhase section */

/* Begin PBXSourcesBuildPhase section */
		2FD970AA27C3620300283528 /* Sources */ = {
			isa = PBXSourcesBuildPhase;
			buildActionMask = 2147483647;
			files = (
				2FB7C8762B50AA080032C2DC /* VillianDetailsList.swift in Sources */,
				2FF6983E2B4E4D5600A298F0 /* SuperChargersDetailViewController.swift in Sources */,
				2FFEEDE528C960AD0004FE1B /* TrapsDetailsList.swift in Sources */,
				2FDCC6082B51DC9D0034667A /* VillainsDetailView.swift in Sources */,
				2FB7C8722B4FA8310032C2DC /* SenseiStats.swift in Sources */,
				2FB7C86C2B4F96A50032C2DC /* SenseisDetailViewController.swift in Sources */,
				2FF698382B4E328E00A298F0 /* SwappersDetailViewController.swift in Sources */,
				2F10582927CB8FF500CF67CF /* SkylandersStatsList.swift in Sources */,
				2F0732CC2B4E281B000BAF36 /* SwapperStats.swift in Sources */,
				2FDCC6052B50F7550034667A /* VillainCell.swift in Sources */,
				2FB7C8702B4FA7F90032C2DC /* SenseiStatsList.swift in Sources */,
				2F0F5D2027C3A6EA00FB29FC /* SkylanderCell.swift in Sources */,
				2F0F5D1A27C3950200FB29FC /* SearchViewController.swift in Sources */,
				2F0F5D1E27C3A20100FB29FC /* SkylandersMenuViewController.swift in Sources */,
				2F0F5D2227C3A76B00FB29FC /* GameCell.swift in Sources */,
				2F0F5D1C27C3955200FB29FC /* SkylandersListViewController.swift in Sources */,
				2F33D9C628BD55D00046B41F /* TrapsDetailViewController.swift in Sources */,
				2FFEEDE328C960300004FE1B /* TrapsDetails.swift in Sources */,
				2F2A5FCF27CB88EE00B046CB /* SkylandersStats.swift in Sources */,
				2F0F5D1827C38DE100FB29FC /* SkylandersDetailViewController.swift in Sources */,
				2F0F5D2A27C3FC4C00FB29FC /* SkylandersList.xcdatamodeld in Sources */,
				2F2A5FCD27CB88B000B046CB /* SkylanderObject.swift in Sources */,
				2F0F5D3D27C4044600FB29FC /* DataBuilder.swift in Sources */,
				2FF6983C2B4E44C200A298F0 /* SuperChargersStats.swift in Sources */,
				2F39382927C8C5D5005C5D18 /* SkylanderSelectCell.swift in Sources */,
				2F93F39528BECD0B00444CAC /* HelperFunctions.swift in Sources */,
				2F0732CF2B4E28BD000BAF36 /* SwapperStatsList.swift in Sources */,
				2F10582727CB8CA300CF67CF /* SkylandersObjectList.swift in Sources */,
				2FB7C8782B50AA910032C2DC /* VillianDetails.swift in Sources */,
				2FD970B227C3620300283528 /* AppDelegate.swift in Sources */,
				2FD970B427C3620300283528 /* SceneDelegate.swift in Sources */,
				2FF6983A2B4E449800A298F0 /* SuperChargersStatsList.swift in Sources */,
				2FDCC60B2B51E0980034667A /* TrapCell.swift in Sources */,
			);
			runOnlyForDeploymentPostprocessing = 0;
		};
/* End PBXSourcesBuildPhase section */

/* Begin PBXVariantGroup section */
		2FD970B727C3620300283528 /* Main.storyboard */ = {
			isa = PBXVariantGroup;
			children = (
				2FD970B827C3620300283528 /* Base */,
			);
			name = Main.storyboard;
			sourceTree = "<group>";
		};
		2FD970BC27C3620400283528 /* LaunchScreen.storyboard */ = {
			isa = PBXVariantGroup;
			children = (
				2FD970BD27C3620400283528 /* Base */,
			);
			name = LaunchScreen.storyboard;
			sourceTree = "<group>";
		};
/* End PBXVariantGroup section */

/* Begin XCBuildConfiguration section */
		2FD970C027C3620400283528 /* Debug */ = {
			isa = XCBuildConfiguration;
			buildSettings = {
				ALWAYS_SEARCH_USER_PATHS = NO;
				CLANG_ANALYZER_NONNULL = YES;
				CLANG_ANALYZER_NUMBER_OBJECT_CONVERSION = YES_AGGRESSIVE;
				CLANG_CXX_LANGUAGE_STANDARD = "gnu++17";
				CLANG_CXX_LIBRARY = "libc++";
				CLANG_ENABLE_MODULES = YES;
				CLANG_ENABLE_OBJC_ARC = YES;
				CLANG_ENABLE_OBJC_WEAK = YES;
				CLANG_WARN_BLOCK_CAPTURE_AUTORELEASING = YES;
				CLANG_WARN_BOOL_CONVERSION = YES;
				CLANG_WARN_COMMA = YES;
				CLANG_WARN_CONSTANT_CONVERSION = YES;
				CLANG_WARN_DEPRECATED_OBJC_IMPLEMENTATIONS = YES;
				CLANG_WARN_DIRECT_OBJC_ISA_USAGE = YES_ERROR;
				CLANG_WARN_DOCUMENTATION_COMMENTS = YES;
				CLANG_WARN_EMPTY_BODY = YES;
				CLANG_WARN_ENUM_CONVERSION = YES;
				CLANG_WARN_INFINITE_RECURSION = YES;
				CLANG_WARN_INT_CONVERSION = YES;
				CLANG_WARN_NON_LITERAL_NULL_CONVERSION = YES;
				CLANG_WARN_OBJC_IMPLICIT_RETAIN_SELF = YES;
				CLANG_WARN_OBJC_LITERAL_CONVERSION = YES;
				CLANG_WARN_OBJC_ROOT_CLASS = YES_ERROR;
				CLANG_WARN_QUOTED_INCLUDE_IN_FRAMEWORK_HEADER = YES;
				CLANG_WARN_RANGE_LOOP_ANALYSIS = YES;
				CLANG_WARN_STRICT_PROTOTYPES = YES;
				CLANG_WARN_SUSPICIOUS_MOVE = YES;
				CLANG_WARN_UNGUARDED_AVAILABILITY = YES_AGGRESSIVE;
				CLANG_WARN_UNREACHABLE_CODE = YES;
				CLANG_WARN__DUPLICATE_METHOD_MATCH = YES;
				COPY_PHASE_STRIP = NO;
				DEBUG_INFORMATION_FORMAT = dwarf;
				ENABLE_STRICT_OBJC_MSGSEND = YES;
				ENABLE_TESTABILITY = YES;
				ENABLE_USER_SCRIPT_SANDBOXING = YES;
				GCC_C_LANGUAGE_STANDARD = gnu11;
				GCC_DYNAMIC_NO_PIC = NO;
				GCC_NO_COMMON_BLOCKS = YES;
				GCC_OPTIMIZATION_LEVEL = 0;
				GCC_PREPROCESSOR_DEFINITIONS = (
					"DEBUG=1",
					"$(inherited)",
				);
				GCC_WARN_64_TO_32_BIT_CONVERSION = YES;
				GCC_WARN_ABOUT_RETURN_TYPE = YES_ERROR;
				GCC_WARN_UNDECLARED_SELECTOR = YES;
				GCC_WARN_UNINITIALIZED_AUTOS = YES_AGGRESSIVE;
				GCC_WARN_UNUSED_FUNCTION = YES;
				GCC_WARN_UNUSED_VARIABLE = YES;
				IPHONEOS_DEPLOYMENT_TARGET = 17.2;
				MTL_ENABLE_DEBUG_INFO = INCLUDE_SOURCE;
				MTL_FAST_MATH = YES;
				ONLY_ACTIVE_ARCH = YES;
				SDKROOT = iphoneos;
				SWIFT_ACTIVE_COMPILATION_CONDITIONS = DEBUG;
				SWIFT_OPTIMIZATION_LEVEL = "-Onone";
			};
			name = Debug;
		};
		2FD970C127C3620400283528 /* Release */ = {
			isa = XCBuildConfiguration;
			buildSettings = {
				ALWAYS_SEARCH_USER_PATHS = NO;
				CLANG_ANALYZER_NONNULL = YES;
				CLANG_ANALYZER_NUMBER_OBJECT_CONVERSION = YES_AGGRESSIVE;
				CLANG_CXX_LANGUAGE_STANDARD = "gnu++17";
				CLANG_CXX_LIBRARY = "libc++";
				CLANG_ENABLE_MODULES = YES;
				CLANG_ENABLE_OBJC_ARC = YES;
				CLANG_ENABLE_OBJC_WEAK = YES;
				CLANG_WARN_BLOCK_CAPTURE_AUTORELEASING = YES;
				CLANG_WARN_BOOL_CONVERSION = YES;
				CLANG_WARN_COMMA = YES;
				CLANG_WARN_CONSTANT_CONVERSION = YES;
				CLANG_WARN_DEPRECATED_OBJC_IMPLEMENTATIONS = YES;
				CLANG_WARN_DIRECT_OBJC_ISA_USAGE = YES_ERROR;
				CLANG_WARN_DOCUMENTATION_COMMENTS = YES;
				CLANG_WARN_EMPTY_BODY = YES;
				CLANG_WARN_ENUM_CONVERSION = YES;
				CLANG_WARN_INFINITE_RECURSION = YES;
				CLANG_WARN_INT_CONVERSION = YES;
				CLANG_WARN_NON_LITERAL_NULL_CONVERSION = YES;
				CLANG_WARN_OBJC_IMPLICIT_RETAIN_SELF = YES;
				CLANG_WARN_OBJC_LITERAL_CONVERSION = YES;
				CLANG_WARN_OBJC_ROOT_CLASS = YES_ERROR;
				CLANG_WARN_QUOTED_INCLUDE_IN_FRAMEWORK_HEADER = YES;
				CLANG_WARN_RANGE_LOOP_ANALYSIS = YES;
				CLANG_WARN_STRICT_PROTOTYPES = YES;
				CLANG_WARN_SUSPICIOUS_MOVE = YES;
				CLANG_WARN_UNGUARDED_AVAILABILITY = YES_AGGRESSIVE;
				CLANG_WARN_UNREACHABLE_CODE = YES;
				CLANG_WARN__DUPLICATE_METHOD_MATCH = YES;
				COPY_PHASE_STRIP = NO;
				DEBUG_INFORMATION_FORMAT = "dwarf-with-dsym";
				ENABLE_NS_ASSERTIONS = NO;
				ENABLE_STRICT_OBJC_MSGSEND = YES;
				ENABLE_USER_SCRIPT_SANDBOXING = YES;
				GCC_C_LANGUAGE_STANDARD = gnu11;
				GCC_NO_COMMON_BLOCKS = YES;
				GCC_WARN_64_TO_32_BIT_CONVERSION = YES;
				GCC_WARN_ABOUT_RETURN_TYPE = YES_ERROR;
				GCC_WARN_UNDECLARED_SELECTOR = YES;
				GCC_WARN_UNINITIALIZED_AUTOS = YES_AGGRESSIVE;
				GCC_WARN_UNUSED_FUNCTION = YES;
				GCC_WARN_UNUSED_VARIABLE = YES;
				IPHONEOS_DEPLOYMENT_TARGET = 17.2;
				MTL_ENABLE_DEBUG_INFO = NO;
				MTL_FAST_MATH = YES;
				SDKROOT = iphoneos;
				SWIFT_COMPILATION_MODE = wholemodule;
				SWIFT_OPTIMIZATION_LEVEL = "-O";
				VALIDATE_PRODUCT = YES;
			};
			name = Release;
		};
		2FD970C327C3620400283528 /* Debug */ = {
			isa = XCBuildConfiguration;
			buildSettings = {
				ASSETCATALOG_COMPILER_APPICON_NAME = AppIcon;
				ASSETCATALOG_COMPILER_GLOBAL_ACCENT_COLOR_NAME = AccentColor;
				CODE_SIGN_STYLE = Automatic;
				CURRENT_PROJECT_VERSION = 1;
				DEVELOPMENT_TEAM = Q343LH3B9K;
				GENERATE_INFOPLIST_FILE = YES;
				INFOPLIST_FILE = "Skylanders Tracker/Info.plist";
				INFOPLIST_KEY_UIApplicationSupportsIndirectInputEvents = YES;
				INFOPLIST_KEY_UILaunchStoryboardName = LaunchScreen;
				INFOPLIST_KEY_UIMainStoryboardFile = Main;
				INFOPLIST_KEY_UIStatusBarHidden = NO;
				INFOPLIST_KEY_UISupportedInterfaceOrientations = UIInterfaceOrientationPortrait;
				INFOPLIST_KEY_UISupportedInterfaceOrientations_iPad = "UIInterfaceOrientationPortrait UIInterfaceOrientationPortraitUpsideDown UIInterfaceOrientationLandscapeLeft UIInterfaceOrientationLandscapeRight";
				INFOPLIST_KEY_UISupportedInterfaceOrientations_iPhone = UIInterfaceOrientationPortrait;
				LD_RUNPATH_SEARCH_PATHS = (
					"$(inherited)",
					"@executable_path/Frameworks",
				);
				MARKETING_VERSION = 1.0;
				PRODUCT_BUNDLE_IDENTIFIER = "Tyler.Skylanders-Tracker";
				PRODUCT_NAME = "$(TARGET_NAME)";
				SWIFT_EMIT_LOC_STRINGS = YES;
				SWIFT_VERSION = 5.0;
				TARGETED_DEVICE_FAMILY = 1;
			};
			name = Debug;
		};
		2FD970C427C3620400283528 /* Release */ = {
			isa = XCBuildConfiguration;
			buildSettings = {
				ASSETCATALOG_COMPILER_APPICON_NAME = AppIcon;
				ASSETCATALOG_COMPILER_GLOBAL_ACCENT_COLOR_NAME = AccentColor;
				CODE_SIGN_STYLE = Automatic;
				CURRENT_PROJECT_VERSION = 1;
				DEVELOPMENT_TEAM = Q343LH3B9K;
				GENERATE_INFOPLIST_FILE = YES;
				INFOPLIST_FILE = "Skylanders Tracker/Info.plist";
				INFOPLIST_KEY_UIApplicationSupportsIndirectInputEvents = YES;
				INFOPLIST_KEY_UILaunchStoryboardName = LaunchScreen;
				INFOPLIST_KEY_UIMainStoryboardFile = Main;
				INFOPLIST_KEY_UIStatusBarHidden = NO;
				INFOPLIST_KEY_UISupportedInterfaceOrientations = UIInterfaceOrientationPortrait;
				INFOPLIST_KEY_UISupportedInterfaceOrientations_iPad = "UIInterfaceOrientationPortrait UIInterfaceOrientationPortraitUpsideDown UIInterfaceOrientationLandscapeLeft UIInterfaceOrientationLandscapeRight";
				INFOPLIST_KEY_UISupportedInterfaceOrientations_iPhone = UIInterfaceOrientationPortrait;
				LD_RUNPATH_SEARCH_PATHS = (
					"$(inherited)",
					"@executable_path/Frameworks",
				);
				MARKETING_VERSION = 1.0;
				PRODUCT_BUNDLE_IDENTIFIER = "Tyler.Skylanders-Tracker";
				PRODUCT_NAME = "$(TARGET_NAME)";
				SWIFT_EMIT_LOC_STRINGS = YES;
				SWIFT_VERSION = 5.0;
				TARGETED_DEVICE_FAMILY = 1;
			};
			name = Release;
		};
/* End XCBuildConfiguration section */

/* Begin XCConfigurationList section */
		2FD970A927C3620300283528 /* Build configuration list for PBXProject "Skylanders Tracker" */ = {
			isa = XCConfigurationList;
			buildConfigurations = (
				2FD970C027C3620400283528 /* Debug */,
				2FD970C127C3620400283528 /* Release */,
			);
			defaultConfigurationIsVisible = 0;
			defaultConfigurationName = Release;
		};
		2FD970C227C3620400283528 /* Build configuration list for PBXNativeTarget "Skylanders Tracker" */ = {
			isa = XCConfigurationList;
			buildConfigurations = (
				2FD970C327C3620400283528 /* Debug */,
				2FD970C427C3620400283528 /* Release */,
			);
			defaultConfigurationIsVisible = 0;
			defaultConfigurationName = Release;
		};
/* End XCConfigurationList section */

/* Begin XCVersionGroup section */
		2F0F5D2827C3FC4C00FB29FC /* SkylandersList.xcdatamodeld */ = {
			isa = XCVersionGroup;
			children = (
				2F0F5D2927C3FC4C00FB29FC /* SkylandersList.xcdatamodel */,
			);
			currentVersion = 2F0F5D2927C3FC4C00FB29FC /* SkylandersList.xcdatamodel */;
			path = SkylandersList.xcdatamodeld;
			sourceTree = "<group>";
			versionGroupType = wrapper.xcdatamodel;
		};
/* End XCVersionGroup section */
	};
	rootObject = 2FD970A627C3620300283528 /* Project object */;
}
